
Microsoft Visual Studio Solution File, Format Version 12.00
# Visual Studio Version 17
VisualStudioVersion = 17.10.34928.147
MinimumVisualStudioVersion = 10.0.40219.1
Project("{9A19103F-16F7-4668-BE54-9A1E7A4F7556}") = "StormSafety.API", "StormSafety.API\StormSafety.API.csproj", "{C55E092B-864D-4865-A67D-6172D875AC92}"
EndProject
Project("{9A19103F-16F7-4668-BE54-9A1E7A4F7556}") = "StormSafety.Tests", "..\StormSafety.Tests\StormSafety.Tests.csproj", "{4C7E9AA4-6ADD-4AA4-8108-F156EAB1BB92}"
EndProject
Project("{FAE04EC0-301F-11D3-BF4B-00C04F79EFBC}") = "StormSafety.Consumer", "StormSafety.Consumer\StormSafety.Consumer.csproj", "{404E7EDB-0B66-4BB6-846A-F28AAA709EEF}"
EndProject
Global
	GlobalSection(SolutionConfigurationPlatforms) = preSolution
		Debug|Any CPU = Debug|Any CPU
		Release|Any CPU = Release|Any CPU
	EndGlobalSection
	GlobalSection(ProjectConfigurationPlatforms) = postSolution
		{C55E092B-864D-4865-A67D-6172D875AC92}.Debug|Any CPU.ActiveCfg = Debug|Any CPU
		{C55E092B-864D-4865-A67D-6172D875AC92}.Debug|Any CPU.Build.0 = Debug|Any CPU
		{C55E092B-864D-4865-A67D-6172D875AC92}.Release|Any CPU.ActiveCfg = Release|Any CPU
		{C55E092B-864D-4865-A67D-6172D875AC92}.Release|Any CPU.Build.0 = Release|Any CPU
		{4C7E9AA4-6ADD-4AA4-8108-F156EAB1BB92}.Debug|Any CPU.ActiveCfg = Debug|Any CPU
		{4C7E9AA4-6ADD-4AA4-8108-F156EAB1BB92}.Debug|Any CPU.Build.0 = Debug|Any CPU
		{4C7E9AA4-6ADD-4AA4-8108-F156EAB1BB92}.Release|Any CPU.ActiveCfg = Release|Any CPU
		{4C7E9AA4-6ADD-4AA4-8108-F156EAB1BB92}.Release|Any CPU.Build.0 = Release|Any CPU
		{404E7EDB-0B66-4BB6-846A-F28AAA709EEF}.Debug|Any CPU.ActiveCfg = Debug|Any CPU
		{404E7EDB-0B66-4BB6-846A-F28AAA709EEF}.Debug|Any CPU.Build.0 = Debug|Any CPU
		{404E7EDB-0B66-4BB6-846A-F28AAA709EEF}.Release|Any CPU.ActiveCfg = Release|Any CPU
		{404E7EDB-0B66-4BB6-846A-F28AAA709EEF}.Release|Any CPU.Build.0 = Release|Any CPU
	EndGlobalSection
	GlobalSection(SolutionProperties) = preSolution
		HideSolutionNode = FALSE
	EndGlobalSection
	GlobalSection(ExtensibilityGlobals) = postSolution
		SolutionGuid = {40B6DFD6-7A7A-4652-B115-F4FBBEF9586C}
	EndGlobalSection
EndGlobal
